
Microsoft Visual Studio Solution File, Format Version 12.00
# Visual Studio Version 16
VisualStudioVersion = 25.0.1700.0
MinimumVisualStudioVersion = 10.0.40219.1
Project("{FAE04EC0-301F-11D3-BF4B-00C04F79EFBC}") = "HelloHtmx", "HelloHtmx\HelloHtmx.csproj", "{A7A17A4C-3FF5-4EE7-BD2A-65D31AF2EE25}"
EndProject
Global
	GlobalSection(SolutionConfigurationPlatforms) = preSolution
		Debug|Any CPU = Debug|Any CPU
		Release|Any CPU = Release|Any CPU
	EndGlobalSection
	GlobalSection(ProjectConfigurationPlatforms) = postSolution
		{A7A17A4C-3FF5-4EE7-BD2A-65D31AF2EE25}.Debug|Any CPU.ActiveCfg = Debug|Any CPU
		{A7A17A4C-3FF5-4EE7-BD2A-65D31AF2EE25}.Debug|Any CPU.Build.0 = Debug|Any CPU
		{A7A17A4C-3FF5-4EE7-BD2A-65D31AF2EE25}.Release|Any CPU.ActiveCfg = Release|Any CPU
		{A7A17A4C-3FF5-4EE7-BD2A-65D31AF2EE25}.Release|Any CPU.Build.0 = Release|Any CPU
	EndGlobalSection
	GlobalSection(SolutionProperties) = preSolution
		HideSolutionNode = FALSE
	EndGlobalSection
	GlobalSection(ExtensibilityGlobals) = postSolution
		SolutionGuid = {946C6458-7C9C-4699-B3C4-7E23350F3C4E}
	EndGlobalSection
EndGlobal
